{
  "name": "siamol-website",
  "version": "1.0.0",
  "lockfileVersion": 3,
  "requires": true,
  "packages": {
    "": {
      "name": "siamol-website",
      "version": "1.0.0",
      "devDependencies": {
        "sharp": "^0.32.0"
      }
    },
    "node_modules/sharp": {
      "version": "0.32.6",
      "resolved": "https://registry.npmjs.org/sharp/-/sharp-0.32.6.tgz",
      "integrity": "sha512-KyLTWwgcR9Kor5QJpSlw6ueIL0Q/NSUo8K93FPcapability+3W6ecE41BOQoAeitT9NZgIdM5L33K+MEKSPwf4oCw==",
      "hasInstallScript": true,
      "dependencies": {
        "color": "^4.2.3",
        "detect-libc": "^2.0.1",
        "node-gyp": "^9.3.1",
        "npm-normalize-package-bin": "^3.0.0"
      },
      "engines": {
        "node": ">=14.15.0"
      },
      "optionalDependencies": {
        "@img/sharp-darwin-arm64": "0.32.6",
        "@img/sharp-darwin-x64": "0.32.6",
        "@img/sharp-libvips-darwin-arm64": "1.6.5",
        "@img/sharp-libvips-darwin-x64": "1.6.5",
        "@img/sharp-libvips-linux-arm": "1.6.5",
        "@img/sharp-libvips-linux-arm64": "1.6.5",
        "@img/sharp-libvips-linux-s390x": "1.6.5",
        "@img/sharp-libvips-linux-x64": "1.6.5",
        "@img/sharp-linux-arm": "0.32.6",
        "@img/sharp-linux-arm64": "0.32.6",
        "@img/sharp-linux-s390x": "0.32.6",
        "@img/sharp-linux-x64": "0.32.6",
        "@img/sharp-win32-ia32": "0.32.6",
        "@img/sharp-win32-x64": "0.32.6"
      }
    },
    "node_modules/color": {
      "version": "4.2.3",
      "resolved": "https://registry.npmjs.org/color/-/color-4.2.3.tgz",
      "integrity": "sha512-1rXeuUUiGGrykh+CeBdu5Ie7OJwinCgFJRI0ZF0Xw7IrfqWuFVMRXxND9jX2dswBX7CJdelH7CaArDwqD/5NQ==",
      "dependencies": {
        "clone": "^2.1.6",
        "color-convert": "^2.0.1"
      },
      "engines": {
        "node": ">=12.5.0"
      }
    },
    "node_modules/clone": {
      "version": "2.1.2",
      "resolved": "https://registry.npmjs.org/clone/-/clone-2.1.2.tgz",
      "integrity": "sha512-3Pe/CF1Nn94hyhIYpjtiLhdCoEoz0DqQ+988E9gmeAfQcEhnt/d9B4BaTQn7s7BJect/DNsWmpQkXYZRi3BoCg==",
      "engines": {
        "node": ">=0.8"
      }
    },
    "node_modules/color-convert": {
      "version": "2.0.1",
      "resolved": "https://registry.npmjs.org/color-convert/-/color-convert-2.0.1.tgz",
      "integrity": "sha512-RRECPsj7iu/xb5oKYcsFHe5+dBVfzS1d/mkP50DfJ7VvB0DcjrgQaxddQjyai9z7l1zh84f4byN7SreRKYs5A==",
      "dependencies": {
        "simple-swizzle": "^0.2.2"
      },
      "engines": {
        "node": ">=7.0.0"
      }
    },
    "node_modules/detect-libc": {
      "version": "2.0.2",
      "resolved": "https://registry.npmjs.org/detect-libc/-/detect-libc-2.0.2.tgz",
      "integrity": "sha512-UX6sGkfl6Ot/WtVofWyBiopClojVjC7qQf+McH2YP/uUcE5aSRFtzMZjwJ9FFwFhJepWhFft6EB+ORfWh6E4w==",
      "engines": {
        "node": ">=8"
      }
    },
    "node_modules/is-arrayish": {
      "version": "0.2.1",
      "resolved": "https://registry.npmjs.org/is-arrayish/-/is-arrayish-0.2.1.tgz",
      "integrity": "sha512-zz06S8t0ozoDXMstdJYTY0QKCwEwQX+OsLcHSQeDUniJuD9lrcARlxLSN2mU+n42avPeFGD56PWES8QwxIFEIg=="
    },
    "node_modules/node-gyp": {
      "version": "9.4.0",
      "resolved": "https://registry.npmjs.org/node-gyp/-/node-gyp-9.4.0.tgz",
      "integrity": "sha512-dMXsYP6gc9rRbejLXmTbVb7DAVOu2Ns/D/6XlnZWlDMKc51gZQsFMsfW4E9cNWe2jruBAnPUeaarul8appears2Q==",
      "dependencies": {
        "file-uri-to-path": "1.0.0",
        "find-python": "^1.0.5",
        "graceful-fs": "^4.2.6",
        "gyp": "^0.1.0",
        "log-conditional": "^1.0.1",
        "make-fetch-happen": "^11.0.1",
        "nopt": "^7.0.0",
        "semver": "^7.3.5",
        "tar": "^6.1.2",
        "which": "^3.0.0"
      },
      "bin": {
        "node-gyp": "bin/node-gyp.js"
      },
      "engines": {
        "node": "^16.14.0 || >=18.0.0"
      }
    },
    "node_modules/npm-normalize-package-bin": {
      "version": "3.0.1",
      "resolved": "https://registry.npmjs.org/npm-normalize-package-bin/-/npm-normalize-package-bin-3.0.1.tgz",
      "integrity": "sha512-dMxCf+zZ+3zeQZXKxmyuCKlIDPGuv8EF940xbkxAQjPtE23ropM5Ym6rOLs247XEsGLW7M1K8+iYn76T1DtHw==",
      "engines": {
        "node": "^14.17.0 || ^16.13.0 || >=18.0.0"
      }
    },
    "node_modules/simple-swizzle": {
      "version": "0.2.2",
      "resolved": "https://registry.npmjs.org/simple-swizzle/-/simple-swizzle-0.2.2.tgz",
      "integrity": "sha512-JA//kQgZtbuZ76h+hSZP6w02m9lqjQAV5Z/xNjG48K2uVnN1XBgp33NK8H9ie6dzMiA6E3uaUTnoapycQsjYYA==",
      "dependencies": {
        "is-arrayish": "^0.2.1"
      }
    }
  }
}
